
Microsoft Visual Studio Solution File, Format Version 12.00
# Visual Studio Version 16
VisualStudioVersion = 16.0.29123.88
MinimumVisualStudioVersion = 10.0.40219.1
Project("{FAE04EC0-301F-11D3-BF4B-00C04F79EFBC}") = "EPAMInterview", "EPAMInterview\EPAMInterview.csproj", "{A1D48E16-4451-4FA7-8322-5A5B300AE9B6}"
EndProject
Global
	GlobalSection(SolutionConfigurationPlatforms) = preSolution
		Debug|Any CPU = Debug|Any CPU
		Release|Any CPU = Release|Any CPU
	EndGlobalSection
	GlobalSection(ProjectConfigurationPlatforms) = postSolution
		{A1D48E16-4451-4FA7-8322-5A5B300AE9B6}.Debug|Any CPU.ActiveCfg = Debug|Any CPU
		{A1D48E16-4451-4FA7-8322-5A5B300AE9B6}.Debug|Any CPU.Build.0 = Debug|Any CPU
		{A1D48E16-4451-4FA7-8322-5A5B300AE9B6}.Release|Any CPU.ActiveCfg = Release|Any CPU
		{A1D48E16-4451-4FA7-8322-5A5B300AE9B6}.Release|Any CPU.Build.0 = Release|Any CPU
	EndGlobalSection
	GlobalSection(SolutionProperties) = preSolution
		HideSolutionNode = FALSE
	EndGlobalSection
	GlobalSection(ExtensibilityGlobals) = postSolution
		SolutionGuid = {68BDF938-8555-4F6D-A161-3FAE06068CC4}
	EndGlobalSection
EndGlobal
